PODS:
  - Timepiece (0.3.4)

DEPENDENCIES:
  - Timepiece (from `https://github.com/dmzza/Timepiece/`, branch `patch-1`)

EXTERNAL SOURCES:
  Timepiece:
    :branch: patch-1
    :git: https://github.com/dmzza/Timepiece/

CHECKOUT OPTIONS:
  Timepiece:
    :commit: 4d3a77d16eb69e3dd4f8fec68d04b59e335974c1
    :git: https://github.com/dmzza/Timepiece/

SPEC CHECKSUMS:
  Timepiece: f8d316da987a4fc74571648734d32fb815f4c1bd

COCOAPODS: 0.38.2
