// !$*UTF8*$!
{
	archiveVersion = 1;
	classes = {
	};
	objectVersion = 47;
	objects = {

/* Begin PBXBuildFile section */
		632689EE1B93D6F1002D2D0F /* .gitignore in Resources */ = {isa = PBXBuildFile; fileRef = 632689D41B93D6F1002D2D0F /* .gitignore */; };
		632689EF1B93D6F1002D2D0F /* .gitignore in Resources */ = {isa = PBXBuildFile; fileRef = 632689D41B93D6F1002D2D0F /* .gitignore */; };
		632689F01B93D6F1002D2D0F /* .gitignore in Resources */ = {isa = PBXBuildFile; fileRef = 632689D41B93D6F1002D2D0F /* .gitignore */; };
		632689F11B93D6F1002D2D0F /* .travis.yml in Resources */ = {isa = PBXBuildFile; fileRef = 632689D51B93D6F1002D2D0F /* .travis.yml */; };
		632689F21B93D6F1002D2D0F /* .travis.yml in Resources */ = {isa = PBXBuildFile; fileRef = 632689D51B93D6F1002D2D0F /* .travis.yml */; };
		632689F31B93D6F1002D2D0F /* .travis.yml in Resources */ = {isa = PBXBuildFile; fileRef = 632689D51B93D6F1002D2D0F /* .travis.yml */; };
		632689F41B93D6F1002D2D0F /* LICENSE in Resources */ = {isa = PBXBuildFile; fileRef = 632689D61B93D6F1002D2D0F /* LICENSE */; };
		632689F51B93D6F1002D2D0F /* LICENSE in Resources */ = {isa = PBXBuildFile; fileRef = 632689D61B93D6F1002D2D0F /* LICENSE */; };
		632689F61B93D6F1002D2D0F /* LICENSE in Resources */ = {isa = PBXBuildFile; fileRef = 632689D61B93D6F1002D2D0F /* LICENSE */; };
		632689F91B93D6F1002D2D0F /* Duration.swift in Sources */ = {isa = PBXBuildFile; fileRef = 632689D91B93D6F1002D2D0F /* Duration.swift */; };
		632689FA1B93D6F1002D2D0F /* Duration.swift in Sources */ = {isa = PBXBuildFile; fileRef = 632689D91B93D6F1002D2D0F /* Duration.swift */; };
		632689FB1B93D6F1002D2D0F /* Int+Timepiece.swift in Sources */ = {isa = PBXBuildFile; fileRef = 632689DA1B93D6F1002D2D0F /* Int+Timepiece.swift */; };
		632689FC1B93D6F1002D2D0F /* Int+Timepiece.swift in Sources */ = {isa = PBXBuildFile; fileRef = 632689DA1B93D6F1002D2D0F /* Int+Timepiece.swift */; };
		632689FD1B93D6F1002D2D0F /* NSCalendar+Timepiece.swift in Sources */ = {isa = PBXBuildFile; fileRef = 632689DB1B93D6F1002D2D0F /* NSCalendar+Timepiece.swift */; };
		632689FE1B93D6F1002D2D0F /* NSCalendar+Timepiece.swift in Sources */ = {isa = PBXBuildFile; fileRef = 632689DB1B93D6F1002D2D0F /* NSCalendar+Timepiece.swift */; };
		632689FF1B93D6F1002D2D0F /* NSCalendarUnit+Timepiece.swift in Sources */ = {isa = PBXBuildFile; fileRef = 632689DC1B93D6F1002D2D0F /* NSCalendarUnit+Timepiece.swift */; };
		63268A001B93D6F1002D2D0F /* NSCalendarUnit+Timepiece.swift in Sources */ = {isa = PBXBuildFile; fileRef = 632689DC1B93D6F1002D2D0F /* NSCalendarUnit+Timepiece.swift */; };
		63268A011B93D6F1002D2D0F /* NSDate+Timepiece.swift in Sources */ = {isa = PBXBuildFile; fileRef = 632689DD1B93D6F1002D2D0F /* NSDate+Timepiece.swift */; };
		63268A021B93D6F1002D2D0F /* NSDate+Timepiece.swift in Sources */ = {isa = PBXBuildFile; fileRef = 632689DD1B93D6F1002D2D0F /* NSDate+Timepiece.swift */; };
		63268A031B93D6F1002D2D0F /* NSDateComponents+Timepiece.swift in Sources */ = {isa = PBXBuildFile; fileRef = 632689DE1B93D6F1002D2D0F /* NSDateComponents+Timepiece.swift */; };
		63268A041B93D6F1002D2D0F /* NSDateComponents+Timepiece.swift in Sources */ = {isa = PBXBuildFile; fileRef = 632689DE1B93D6F1002D2D0F /* NSDateComponents+Timepiece.swift */; };
		63268A051B93D6F1002D2D0F /* NSTimeInterval+Timepiece.swift in Sources */ = {isa = PBXBuildFile; fileRef = 632689DF1B93D6F1002D2D0F /* NSTimeInterval+Timepiece.swift */; };
		63268A061B93D6F1002D2D0F /* NSTimeInterval+Timepiece.swift in Sources */ = {isa = PBXBuildFile; fileRef = 632689DF1B93D6F1002D2D0F /* NSTimeInterval+Timepiece.swift */; };
		63268A071B93D6F1002D2D0F /* String+Timepiece.swift in Sources */ = {isa = PBXBuildFile; fileRef = 632689E01B93D6F1002D2D0F /* String+Timepiece.swift */; };
		63268A081B93D6F1002D2D0F /* String+Timepiece.swift in Sources */ = {isa = PBXBuildFile; fileRef = 632689E01B93D6F1002D2D0F /* String+Timepiece.swift */; };
		63268A151B93D6F1002D2D0F /* Timepiece.podspec in Resources */ = {isa = PBXBuildFile; fileRef = 632689E91B93D6F1002D2D0F /* Timepiece.podspec */; };
		63268A161B93D6F1002D2D0F /* Timepiece.podspec in Resources */ = {isa = PBXBuildFile; fileRef = 632689E91B93D6F1002D2D0F /* Timepiece.podspec */; };
		63268A171B93D6F1002D2D0F /* Timepiece.podspec in Resources */ = {isa = PBXBuildFile; fileRef = 632689E91B93D6F1002D2D0F /* Timepiece.podspec */; };
		63268A181B93D6F1002D2D0F /* Timepiece.xcworkspace in Resources */ = {isa = PBXBuildFile; fileRef = 632689ED1B93D6F1002D2D0F /* Timepiece.xcworkspace */; };
		63268A191B93D6F1002D2D0F /* Timepiece.xcworkspace in Resources */ = {isa = PBXBuildFile; fileRef = 632689ED1B93D6F1002D2D0F /* Timepiece.xcworkspace */; };
		63268A1A1B93D6F1002D2D0F /* Timepiece.xcworkspace in Resources */ = {isa = PBXBuildFile; fileRef = 632689ED1B93D6F1002D2D0F /* Timepiece.xcworkspace */; };
		63F260AB1B84D97700F109B9 /* EatViewController.swift in Sources */ = {isa = PBXBuildFile; fileRef = 63F260AA1B84D97700F109B9 /* EatViewController.swift */; };
		63F260AD1B84D9CE00F109B9 /* SleepViewController.swift in Sources */ = {isa = PBXBuildFile; fileRef = 63F260AC1B84D9CE00F109B9 /* SleepViewController.swift */; };
		9FDD655A1B76A5FB00CD8703 /* FaceView.swift in Sources */ = {isa = PBXBuildFile; fileRef = 9FDD65591B76A5FB00CD8703 /* FaceView.swift */; };
		9FE05F7D1B6ED7EB00AE120C /* AppDelegate.swift in Sources */ = {isa = PBXBuildFile; fileRef = 9FE05F7C1B6ED7EB00AE120C /* AppDelegate.swift */; };
		9FE05F7F1B6ED7EB00AE120C /* ViewController.swift in Sources */ = {isa = PBXBuildFile; fileRef = 9FE05F7E1B6ED7EB00AE120C /* ViewController.swift */; };
		9FE05F821B6ED7EB00AE120C /* Main.storyboard in Resources */ = {isa = PBXBuildFile; fileRef = 9FE05F801B6ED7EB00AE120C /* Main.storyboard */; };
		9FE05F841B6ED7EB00AE120C /* Assets.xcassets in Resources */ = {isa = PBXBuildFile; fileRef = 9FE05F831B6ED7EB00AE120C /* Assets.xcassets */; };
		9FE05F871B6ED7EB00AE120C /* LaunchScreen.storyboard in Resources */ = {isa = PBXBuildFile; fileRef = 9FE05F851B6ED7EB00AE120C /* LaunchScreen.storyboard */; };
		9FE05F921B6ED7EB00AE120C /* DerbilTests.swift in Sources */ = {isa = PBXBuildFile; fileRef = 9FE05F911B6ED7EB00AE120C /* DerbilTests.swift */; };
		9FE05F9D1B6ED7EB00AE120C /* DerbilUITests.swift in Sources */ = {isa = PBXBuildFile; fileRef = 9FE05F9C1B6ED7EB00AE120C /* DerbilUITests.swift */; };
		9FE05FA21B6ED7EB00AE120C /* Chubbyy.app in Embed Watch Content */ = {isa = PBXBuildFile; fileRef = 9FE05FA11B6ED7EB00AE120C /* Chubbyy.app */; };
		9FE05FA81B6ED7EB00AE120C /* Interface.storyboard in Resources */ = {isa = PBXBuildFile; fileRef = 9FE05FA61B6ED7EB00AE120C /* Interface.storyboard */; };
		9FE05FAA1B6ED7EB00AE120C /* Assets.xcassets in Resources */ = {isa = PBXBuildFile; fileRef = 9FE05FA91B6ED7EB00AE120C /* Assets.xcassets */; };
		9FE05FB11B6ED7EC00AE120C /* Chubbyy.appex in Embed App Extensions */ = {isa = PBXBuildFile; fileRef = 9FE05FB01B6ED7EC00AE120C /* Chubbyy.appex */; settings = {ATTRIBUTES = (RemoveHeadersOnCopy, ); }; };
		9FE05FB81B6ED7EC00AE120C /* InterfaceController.swift in Sources */ = {isa = PBXBuildFile; fileRef = 9FE05FB71B6ED7EC00AE120C /* InterfaceController.swift */; };
		9FE05FBA1B6ED7EC00AE120C /* ExtensionDelegate.swift in Sources */ = {isa = PBXBuildFile; fileRef = 9FE05FB91B6ED7EC00AE120C /* ExtensionDelegate.swift */; };
		9FE05FBC1B6ED7EC00AE120C /* NotificationController.swift in Sources */ = {isa = PBXBuildFile; fileRef = 9FE05FBB1B6ED7EC00AE120C /* NotificationController.swift */; };
		9FE05FBE1B6ED7EC00AE120C /* GlanceController.swift in Sources */ = {isa = PBXBuildFile; fileRef = 9FE05FBD1B6ED7EC00AE120C /* GlanceController.swift */; };
		9FE05FC01B6ED7EC00AE120C /* ComplicationController.swift in Sources */ = {isa = PBXBuildFile; fileRef = 9FE05FBF1B6ED7EC00AE120C /* ComplicationController.swift */; };
		9FE05FC21B6ED7EC00AE120C /* Assets.xcassets in Resources */ = {isa = PBXBuildFile; fileRef = 9FE05FC11B6ED7EC00AE120C /* Assets.xcassets */; };
		9FE05FD81B6EDD4000AE120C /* WalkViewController.swift in Sources */ = {isa = PBXBuildFile; fileRef = 9FE05FD71B6EDD4000AE120C /* WalkViewController.swift */; };
		9FF832981B76DEC100958D2A /* Utilities.swift in Sources */ = {isa = PBXBuildFile; fileRef = 9FF832971B76DEC100958D2A /* Utilities.swift */; };
		AA6AD28D1B957BAC00CB4549 /* Interface.storyboard in Resources */ = {isa = PBXBuildFile; fileRef = 9FE05FA61B6ED7EB00AE120C /* Interface.storyboard */; settings = {ASSET_TAGS = (); }; };
		AA6AD2931B957CA500CB4549 /* Assets.xcassets in Resources */ = {isa = PBXBuildFile; fileRef = 9FE05F831B6ED7EB00AE120C /* Assets.xcassets */; settings = {ASSET_TAGS = (); }; };
		AA6AD2941B957CA600CB4549 /* Assets.xcassets in Resources */ = {isa = PBXBuildFile; fileRef = 9FE05F831B6ED7EB00AE120C /* Assets.xcassets */; settings = {ASSET_TAGS = (); }; };
		AA6AD2971B95950E00CB4549 /* FlyingHeartBehavior.swift in Sources */ = {isa = PBXBuildFile; fileRef = AA6AD2961B95950E00CB4549 /* FlyingHeartBehavior.swift */; settings = {ASSET_TAGS = (); }; };
/* End PBXBuildFile section */

/* Begin PBXContainerItemProxy section */
		63268A1F1B93D6F1002D2D0F /* PBXContainerItemProxy */ = {
			isa = PBXContainerItemProxy;
			containerPortal = 632689EA1B93D6F1002D2D0F /* Timepiece.xcodeproj */;
			proxyType = 2;
			remoteGlobalIDString = 3DC6180F199E1F8400FB7AAC;
			remoteInfo = "Timepiece iOS";
		};
		63268A211B93D6F1002D2D0F /* PBXContainerItemProxy */ = {
			isa = PBXContainerItemProxy;
			containerPortal = 632689EA1B93D6F1002D2D0F /* Timepiece.xcodeproj */;
			proxyType = 2;
			remoteGlobalIDString = 3DE7CFB01B27126F00E0F331;
			remoteInfo = "Timepiece OSX";
		};
		63268A231B93D6F1002D2D0F /* PBXContainerItemProxy */ = {
			isa = PBXContainerItemProxy;
			containerPortal = 632689EA1B93D6F1002D2D0F /* Timepiece.xcodeproj */;
			proxyType = 2;
			remoteGlobalIDString = 3DC6181A199E1F8400FB7AAC;
			remoteInfo = "Timepiece iOS Tests";
		};
		63268A251B93D6F1002D2D0F /* PBXContainerItemProxy */ = {
			isa = PBXContainerItemProxy;
			containerPortal = 632689EA1B93D6F1002D2D0F /* Timepiece.xcodeproj */;
			proxyType = 2;
			remoteGlobalIDString = 3DE7CFBA1B27126F00E0F331;
			remoteInfo = "Timepiece OSX Tests";
		};
		63268A3B1B93DA87002D2D0F /* PBXContainerItemProxy */ = {
			isa = PBXContainerItemProxy;
			containerPortal = 632689EA1B93D6F1002D2D0F /* Timepiece.xcodeproj */;
			proxyType = 2;
			remoteGlobalIDString = 63268A381B93D822002D2D0F;
			remoteInfo = "Timepiece watchOS";
		};
		9FE05F8E1B6ED7EB00AE120C /* PBXContainerItemProxy */ = {
			isa = PBXContainerItemProxy;
			containerPortal = 9FE05F711B6ED7EB00AE120C /* Project object */;
			proxyType = 1;
			remoteGlobalIDString = 9FE05F781B6ED7EB00AE120C;
			remoteInfo = Derbil;
		};
		9FE05F991B6ED7EB00AE120C /* PBXContainerItemProxy */ = {
			isa = PBXContainerItemProxy;
			containerPortal = 9FE05F711B6ED7EB00AE120C /* Project object */;
			proxyType = 1;
			remoteGlobalIDString = 9FE05F781B6ED7EB00AE120C;
			remoteInfo = Derbil;
		};
		9FE05FA31B6ED7EB00AE120C /* PBXContainerItemProxy */ = {
			isa = PBXContainerItemProxy;
			containerPortal = 9FE05F711B6ED7EB00AE120C /* Project object */;
			proxyType = 1;
			remoteGlobalIDString = 9FE05FA01B6ED7EB00AE120C;
			remoteInfo = "Derbil WatchKit App";
		};
		9FE05FB21B6ED7EC00AE120C /* PBXContainerItemProxy */ = {
			isa = PBXContainerItemProxy;
			containerPortal = 9FE05F711B6ED7EB00AE120C /* Project object */;
			proxyType = 1;
			remoteGlobalIDString = 9FE05FAF1B6ED7EC00AE120C;
			remoteInfo = "Derbil WatchKit Extension";
		};
/* End PBXContainerItemProxy section */

/* Begin PBXCopyFilesBuildPhase section */
		9FE05FC91B6ED7EC00AE120C /* Embed App Extensions */ = {
			isa = PBXCopyFilesBuildPhase;
			buildActionMask = 2147483647;
			dstPath = "";
			dstSubfolderSpec = 13;
			files = (
				9FE05FB11B6ED7EC00AE120C /* Chubbyy.appex in Embed App Extensions */,
			);
			name = "Embed App Extensions";
			runOnlyForDeploymentPostprocessing = 0;
		};
		9FE05FCD1B6ED7EC00AE120C /* Embed Watch Content */ = {
			isa = PBXCopyFilesBuildPhase;
			buildActionMask = 2147483647;
			dstPath = "$(CONTENTS_FOLDER_PATH)/Watch";
			dstSubfolderSpec = 16;
			files = (
				9FE05FA21B6ED7EB00AE120C /* Chubbyy.app in Embed Watch Content */,
			);
			name = "Embed Watch Content";
			runOnlyForDeploymentPostprocessing = 0;
		};
/* End PBXCopyFilesBuildPhase section */

/* Begin PBXFileReference section */
		632689D41B93D6F1002D2D0F /* .gitignore */ = {isa = PBXFileReference; fileEncoding = 4; lastKnownFileType = text; path = .gitignore; sourceTree = "<group>"; };
		632689D51B93D6F1002D2D0F /* .travis.yml */ = {isa = PBXFileReference; fileEncoding = 4; lastKnownFileType = text; path = .travis.yml; sourceTree = "<group>"; };
		632689D61B93D6F1002D2D0F /* LICENSE */ = {isa = PBXFileReference; fileEncoding = 4; lastKnownFileType = text; path = LICENSE; sourceTree = "<group>"; };
		632689D71B93D6F1002D2D0F /* README.md */ = {isa = PBXFileReference; fileEncoding = 4; lastKnownFileType = net.daringfireball.markdown; path = README.md; sourceTree = "<group>"; };
		632689D91B93D6F1002D2D0F /* Duration.swift */ = {isa = PBXFileReference; fileEncoding = 4; lastKnownFileType = sourcecode.swift; path = Duration.swift; sourceTree = "<group>"; };
		632689DA1B93D6F1002D2D0F /* Int+Timepiece.swift */ = {isa = PBXFileReference; fileEncoding = 4; lastKnownFileType = sourcecode.swift; path = "Int+Timepiece.swift"; sourceTree = "<group>"; };
		632689DB1B93D6F1002D2D0F /* NSCalendar+Timepiece.swift */ = {isa = PBXFileReference; fileEncoding = 4; lastKnownFileType = sourcecode.swift; path = "NSCalendar+Timepiece.swift"; sourceTree = "<group>"; };
		632689DC1B93D6F1002D2D0F /* NSCalendarUnit+Timepiece.swift */ = {isa = PBXFileReference; fileEncoding = 4; lastKnownFileType = sourcecode.swift; path = "NSCalendarUnit+Timepiece.swift"; sourceTree = "<group>"; };
		632689DD1B93D6F1002D2D0F /* NSDate+Timepiece.swift */ = {isa = PBXFileReference; fileEncoding = 4; lastKnownFileType = sourcecode.swift; path = "NSDate+Timepiece.swift"; sourceTree = "<group>"; };
		632689DE1B93D6F1002D2D0F /* NSDateComponents+Timepiece.swift */ = {isa = PBXFileReference; fileEncoding = 4; lastKnownFileType = sourcecode.swift; path = "NSDateComponents+Timepiece.swift"; sourceTree = "<group>"; };
		632689DF1B93D6F1002D2D0F /* NSTimeInterval+Timepiece.swift */ = {isa = PBXFileReference; fileEncoding = 4; lastKnownFileType = sourcecode.swift; path = "NSTimeInterval+Timepiece.swift"; sourceTree = "<group>"; };
		632689E01B93D6F1002D2D0F /* String+Timepiece.swift */ = {isa = PBXFileReference; fileEncoding = 4; lastKnownFileType = sourcecode.swift; path = "String+Timepiece.swift"; sourceTree = "<group>"; };
		632689E21B93D6F1002D2D0F /* DurationTests.swift */ = {isa = PBXFileReference; fileEncoding = 4; lastKnownFileType = sourcecode.swift; path = DurationTests.swift; sourceTree = "<group>"; };
		632689E31B93D6F1002D2D0F /* Int+TimepieceTests.swift */ = {isa = PBXFileReference; fileEncoding = 4; lastKnownFileType = sourcecode.swift; path = "Int+TimepieceTests.swift"; sourceTree = "<group>"; };
		632689E41B93D6F1002D2D0F /* NSCalendarUnit+TimepieceTests.swift */ = {isa = PBXFileReference; fileEncoding = 4; lastKnownFileType = sourcecode.swift; path = "NSCalendarUnit+TimepieceTests.swift"; sourceTree = "<group>"; };
		632689E51B93D6F1002D2D0F /* NSDate+TimepieceTests.swift */ = {isa = PBXFileReference; fileEncoding = 4; lastKnownFileType = sourcecode.swift; path = "NSDate+TimepieceTests.swift"; sourceTree = "<group>"; };
		632689E61B93D6F1002D2D0F /* NSTimeInterval+TimepieceTests.swift */ = {isa = PBXFileReference; fileEncoding = 4; lastKnownFileType = sourcecode.swift; path = "NSTimeInterval+TimepieceTests.swift"; sourceTree = "<group>"; };
		632689E71B93D6F1002D2D0F /* String+TimepieceTests.swift */ = {isa = PBXFileReference; fileEncoding = 4; lastKnownFileType = sourcecode.swift; path = "String+TimepieceTests.swift"; sourceTree = "<group>"; };
		632689E81B93D6F1002D2D0F /* Timepiece.playground */ = {isa = PBXFileReference; lastKnownFileType = file.playground; path = Timepiece.playground; sourceTree = "<group>"; };
		632689E91B93D6F1002D2D0F /* Timepiece.podspec */ = {isa = PBXFileReference; fileEncoding = 4; lastKnownFileType = text; path = Timepiece.podspec; sourceTree = "<group>"; };
		632689EA1B93D6F1002D2D0F /* Timepiece.xcodeproj */ = {isa = PBXFileReference; lastKnownFileType = "wrapper.pb-project"; path = Timepiece.xcodeproj; sourceTree = "<group>"; };
		632689ED1B93D6F1002D2D0F /* Timepiece.xcworkspace */ = {isa = PBXFileReference; lastKnownFileType = wrapper.workspace; path = Timepiece.xcworkspace; sourceTree = "<group>"; };
		63F260AA1B84D97700F109B9 /* EatViewController.swift */ = {isa = PBXFileReference; fileEncoding = 4; lastKnownFileType = sourcecode.swift; path = EatViewController.swift; sourceTree = "<group>"; };
		63F260AC1B84D9CE00F109B9 /* SleepViewController.swift */ = {isa = PBXFileReference; fileEncoding = 4; lastKnownFileType = sourcecode.swift; path = SleepViewController.swift; sourceTree = "<group>"; };
		9FDD65591B76A5FB00CD8703 /* FaceView.swift */ = {isa = PBXFileReference; fileEncoding = 4; lastKnownFileType = sourcecode.swift; path = FaceView.swift; sourceTree = "<group>"; };
		9FE05F791B6ED7EB00AE120C /* Chubbyy.app */ = {isa = PBXFileReference; explicitFileType = wrapper.application; includeInIndex = 0; path = Chubbyy.app; sourceTree = BUILT_PRODUCTS_DIR; };
		9FE05F7C1B6ED7EB00AE120C /* AppDelegate.swift */ = {isa = PBXFileReference; lastKnownFileType = sourcecode.swift; path = AppDelegate.swift; sourceTree = "<group>"; };
		9FE05F7E1B6ED7EB00AE120C /* ViewController.swift */ = {isa = PBXFileReference; lastKnownFileType = sourcecode.swift; path = ViewController.swift; sourceTree = "<group>"; };
		9FE05F811B6ED7EB00AE120C /* Base */ = {isa = PBXFileReference; lastKnownFileType = file.storyboard; name = Base; path = Base.lproj/Main.storyboard; sourceTree = "<group>"; };
		9FE05F831B6ED7EB00AE120C /* Assets.xcassets */ = {isa = PBXFileReference; lastKnownFileType = folder.assetcatalog; path = Assets.xcassets; sourceTree = "<group>"; };
		9FE05F861B6ED7EB00AE120C /* Base */ = {isa = PBXFileReference; lastKnownFileType = file.storyboard; name = Base; path = Base.lproj/LaunchScreen.storyboard; sourceTree = "<group>"; };
		9FE05F881B6ED7EB00AE120C /* Info.plist */ = {isa = PBXFileReference; lastKnownFileType = text.plist.xml; path = Info.plist; sourceTree = "<group>"; };
		9FE05F8D1B6ED7EB00AE120C /* Chubbyy.xctest */ = {isa = PBXFileReference; explicitFileType = wrapper.cfbundle; includeInIndex = 0; path = Chubbyy.xctest; sourceTree = BUILT_PRODUCTS_DIR; };
		9FE05F911B6ED7EB00AE120C /* DerbilTests.swift */ = {isa = PBXFileReference; lastKnownFileType = sourcecode.swift; path = DerbilTests.swift; sourceTree = "<group>"; };
		9FE05F931B6ED7EB00AE120C /* Info.plist */ = {isa = PBXFileReference; lastKnownFileType = text.plist.xml; path = Info.plist; sourceTree = "<group>"; };
		9FE05F981B6ED7EB00AE120C /* Chubbyy.xctest */ = {isa = PBXFileReference; explicitFileType = wrapper.cfbundle; includeInIndex = 0; path = Chubbyy.xctest; sourceTree = BUILT_PRODUCTS_DIR; };
		9FE05F9C1B6ED7EB00AE120C /* DerbilUITests.swift */ = {isa = PBXFileReference; lastKnownFileType = sourcecode.swift; path = DerbilUITests.swift; sourceTree = "<group>"; };
		9FE05F9E1B6ED7EB00AE120C /* Info.plist */ = {isa = PBXFileReference; lastKnownFileType = text.plist.xml; path = Info.plist; sourceTree = "<group>"; };
		9FE05FA11B6ED7EB00AE120C /* Chubbyy.app */ = {isa = PBXFileReference; explicitFileType = wrapper.application; includeInIndex = 0; path = Chubbyy.app; sourceTree = BUILT_PRODUCTS_DIR; };
		9FE05FA71B6ED7EB00AE120C /* Base */ = {isa = PBXFileReference; lastKnownFileType = file.storyboard; name = Base; path = Base.lproj/Interface.storyboard; sourceTree = "<group>"; };
		9FE05FA91B6ED7EB00AE120C /* Assets.xcassets */ = {isa = PBXFileReference; lastKnownFileType = folder.assetcatalog; path = Assets.xcassets; sourceTree = "<group>"; };
		9FE05FAB1B6ED7EB00AE120C /* Info.plist */ = {isa = PBXFileReference; lastKnownFileType = text.plist.xml; path = Info.plist; sourceTree = "<group>"; };
		9FE05FB01B6ED7EC00AE120C /* Chubbyy.appex */ = {isa = PBXFileReference; explicitFileType = "wrapper.app-extension"; includeInIndex = 0; path = Chubbyy.appex; sourceTree = BUILT_PRODUCTS_DIR; };
		9FE05FB61B6ED7EC00AE120C /* PushNotificationPayload.apns */ = {isa = PBXFileReference; lastKnownFileType = text; path = PushNotificationPayload.apns; sourceTree = "<group>"; };
		9FE05FB71B6ED7EC00AE120C /* InterfaceController.swift */ = {isa = PBXFileReference; lastKnownFileType = sourcecode.swift; path = InterfaceController.swift; sourceTree = "<group>"; };
		9FE05FB91B6ED7EC00AE120C /* ExtensionDelegate.swift */ = {isa = PBXFileReference; lastKnownFileType = sourcecode.swift; path = ExtensionDelegate.swift; sourceTree = "<group>"; };
		9FE05FBB1B6ED7EC00AE120C /* NotificationController.swift */ = {isa = PBXFileReference; lastKnownFileType = sourcecode.swift; path = NotificationController.swift; sourceTree = "<group>"; };
		9FE05FBD1B6ED7EC00AE120C /* GlanceController.swift */ = {isa = PBXFileReference; lastKnownFileType = sourcecode.swift; path = GlanceController.swift; sourceTree = "<group>"; };
		9FE05FBF1B6ED7EC00AE120C /* ComplicationController.swift */ = {isa = PBXFileReference; lastKnownFileType = sourcecode.swift; path = ComplicationController.swift; sourceTree = "<group>"; };
		9FE05FC11B6ED7EC00AE120C /* Assets.xcassets */ = {isa = PBXFileReference; lastKnownFileType = folder.assetcatalog; path = Assets.xcassets; sourceTree = "<group>"; };
		9FE05FC31B6ED7EC00AE120C /* Info.plist */ = {isa = PBXFileReference; lastKnownFileType = text.plist.xml; path = Info.plist; sourceTree = "<group>"; };
		9FE05FD71B6EDD4000AE120C /* WalkViewController.swift */ = {isa = PBXFileReference; fileEncoding = 4; lastKnownFileType = sourcecode.swift; path = WalkViewController.swift; sourceTree = "<group>"; };
		9FF832971B76DEC100958D2A /* Utilities.swift */ = {isa = PBXFileReference; fileEncoding = 4; lastKnownFileType = sourcecode.swift; path = Utilities.swift; sourceTree = "<group>"; };
		AA6AD2951B95826B00CB4549 /* MyPlayground.playground */ = {isa = PBXFileReference; lastKnownFileType = file.playground; path = MyPlayground.playground; sourceTree = "<group>"; };
		AA6AD2961B95950E00CB4549 /* FlyingHeartBehavior.swift */ = {isa = PBXFileReference; fileEncoding = 4; lastKnownFileType = sourcecode.swift; path = FlyingHeartBehavior.swift; sourceTree = "<group>"; };
/* End PBXFileReference section */

/* Begin PBXFrameworksBuildPhase section */
		9FE05F761B6ED7EB00AE120C /* Frameworks */ = {
			isa = PBXFrameworksBuildPhase;
			buildActionMask = 2147483647;
			files = (
			);
			runOnlyForDeploymentPostprocessing = 0;
		};
		9FE05F8A1B6ED7EB00AE120C /* Frameworks */ = {
			isa = PBXFrameworksBuildPhase;
			buildActionMask = 2147483647;
			files = (
			);
			runOnlyForDeploymentPostprocessing = 0;
		};
		9FE05F951B6ED7EB00AE120C /* Frameworks */ = {
			isa = PBXFrameworksBuildPhase;
			buildActionMask = 2147483647;
			files = (
			);
			runOnlyForDeploymentPostprocessing = 0;
		};
		9FE05FAD1B6ED7EC00AE120C /* Frameworks */ = {
			isa = PBXFrameworksBuildPhase;
			buildActionMask = 2147483647;
			files = (
			);
			runOnlyForDeploymentPostprocessing = 0;
		};
		DDE1C7435464BDA06D37756D /* Frameworks */ = {
			isa = PBXFrameworksBuildPhase;
			buildActionMask = 2147483647;
			files = (
			);
			runOnlyForDeploymentPostprocessing = 0;
		};
/* End PBXFrameworksBuildPhase section */

/* Begin PBXGroup section */
		4AB87C9A9ACC3A59E57DC5B0 /* Frameworks */ = {
			isa = PBXGroup;
			children = (
				632689D31B93D6F1002D2D0F /* Timepiece */,
			);
			name = Frameworks;
			sourceTree = "<group>";
		};
		632689D31B93D6F1002D2D0F /* Timepiece */ = {
			isa = PBXGroup;
			children = (
				632689D41B93D6F1002D2D0F /* .gitignore */,
				632689D51B93D6F1002D2D0F /* .travis.yml */,
				632689D61B93D6F1002D2D0F /* LICENSE */,
				632689D71B93D6F1002D2D0F /* README.md */,
				632689D81B93D6F1002D2D0F /* Sources */,
				632689E11B93D6F1002D2D0F /* Tests */,
				632689E81B93D6F1002D2D0F /* Timepiece.playground */,
				632689E91B93D6F1002D2D0F /* Timepiece.podspec */,
				632689EA1B93D6F1002D2D0F /* Timepiece.xcodeproj */,
				632689ED1B93D6F1002D2D0F /* Timepiece.xcworkspace */,
			);
			name = Timepiece;
			path = Frameworks/Timepiece;
			sourceTree = "<group>";
		};
		632689D81B93D6F1002D2D0F /* Sources */ = {
			isa = PBXGroup;
			children = (
				632689D91B93D6F1002D2D0F /* Duration.swift */,
				632689DA1B93D6F1002D2D0F /* Int+Timepiece.swift */,
				632689DB1B93D6F1002D2D0F /* NSCalendar+Timepiece.swift */,
				632689DC1B93D6F1002D2D0F /* NSCalendarUnit+Timepiece.swift */,
				632689DD1B93D6F1002D2D0F /* NSDate+Timepiece.swift */,
				632689DE1B93D6F1002D2D0F /* NSDateComponents+Timepiece.swift */,
				632689DF1B93D6F1002D2D0F /* NSTimeInterval+Timepiece.swift */,
				632689E01B93D6F1002D2D0F /* String+Timepiece.swift */,
			);
			path = Sources;
			sourceTree = "<group>";
		};
		632689E11B93D6F1002D2D0F /* Tests */ = {
			isa = PBXGroup;
			children = (
				632689E21B93D6F1002D2D0F /* DurationTests.swift */,
				632689E31B93D6F1002D2D0F /* Int+TimepieceTests.swift */,
				632689E41B93D6F1002D2D0F /* NSCalendarUnit+TimepieceTests.swift */,
				632689E51B93D6F1002D2D0F /* NSDate+TimepieceTests.swift */,
				632689E61B93D6F1002D2D0F /* NSTimeInterval+TimepieceTests.swift */,
				632689E71B93D6F1002D2D0F /* String+TimepieceTests.swift */,
			);
			path = Tests;
			sourceTree = "<group>";
		};
		632689EB1B93D6F1002D2D0F /* Products */ = {
			isa = PBXGroup;
			children = (
				63268A201B93D6F1002D2D0F /* Timepiece.framework */,
				63268A221B93D6F1002D2D0F /* Timepiece.framework */,
				63268A241B93D6F1002D2D0F /* Timepiece iOS Tests.xctest */,
				63268A261B93D6F1002D2D0F /* Timepiece OSX Tests.xctest */,
				63268A3C1B93DA87002D2D0F /* Timepiece.framework */,
			);
			name = Products;
			sourceTree = "<group>";
		};
		9FE05F701B6ED7EB00AE120C = {
			isa = PBXGroup;
			children = (
				9FE05F7B1B6ED7EB00AE120C /* Chubbyy */,
				9FE05F901B6ED7EB00AE120C /* ChubbyyTests */,
				9FE05F9B1B6ED7EB00AE120C /* ChubbyyUITests */,
				9FE05FA51B6ED7EB00AE120C /* Chubbyy WatchKit App */,
				9FE05FB41B6ED7EC00AE120C /* Chubbyy WatchKit Extension */,
				9FE05F7A1B6ED7EB00AE120C /* Products */,
				4AB87C9A9ACC3A59E57DC5B0 /* Frameworks */,
			);
			sourceTree = "<group>";
		};
		9FE05F7A1B6ED7EB00AE120C /* Products */ = {
			isa = PBXGroup;
			children = (
				9FE05F791B6ED7EB00AE120C /* Chubbyy.app */,
				9FE05F8D1B6ED7EB00AE120C /* Chubbyy.xctest */,
				9FE05F981B6ED7EB00AE120C /* Chubbyy.xctest */,
				9FE05FA11B6ED7EB00AE120C /* Chubbyy.app */,
				9FE05FB01B6ED7EC00AE120C /* Chubbyy.appex */,
			);
			name = Products;
			sourceTree = "<group>";
		};
		9FE05F7B1B6ED7EB00AE120C /* Chubbyy */ = {
			isa = PBXGroup;
			children = (
				9FE05F7C1B6ED7EB00AE120C /* AppDelegate.swift */,
				9FE05F7E1B6ED7EB00AE120C /* ViewController.swift */,
				9FE05F801B6ED7EB00AE120C /* Main.storyboard */,
				9FE05F831B6ED7EB00AE120C /* Assets.xcassets */,
				9FE05F851B6ED7EB00AE120C /* LaunchScreen.storyboard */,
				9FE05F881B6ED7EB00AE120C /* Info.plist */,
				9FE05FD71B6EDD4000AE120C /* WalkViewController.swift */,
				9FDD65591B76A5FB00CD8703 /* FaceView.swift */,
				9FF832971B76DEC100958D2A /* Utilities.swift */,
				63F260AA1B84D97700F109B9 /* EatViewController.swift */,
				63F260AC1B84D9CE00F109B9 /* SleepViewController.swift */,
				AA6AD2951B95826B00CB4549 /* MyPlayground.playground */,
				AA6AD2961B95950E00CB4549 /* FlyingHeartBehavior.swift */,
			);
			name = Chubbyy;
			path = Derbil;
			sourceTree = "<group>";
		};
		9FE05F901B6ED7EB00AE120C /* ChubbyyTests */ = {
			isa = PBXGroup;
			children = (
				9FE05F911B6ED7EB00AE120C /* DerbilTests.swift */,
				9FE05F931B6ED7EB00AE120C /* Info.plist */,
			);
			name = ChubbyyTests;
			path = DerbilTests;
			sourceTree = "<group>";
		};
		9FE05F9B1B6ED7EB00AE120C /* ChubbyyUITests */ = {
			isa = PBXGroup;
			children = (
				9FE05F9C1B6ED7EB00AE120C /* DerbilUITests.swift */,
				9FE05F9E1B6ED7EB00AE120C /* Info.plist */,
			);
			name = ChubbyyUITests;
			path = DerbilUITests;
			sourceTree = "<group>";
		};
		9FE05FA51B6ED7EB00AE120C /* Chubbyy WatchKit App */ = {
			isa = PBXGroup;
			children = (
				9FE05FA61B6ED7EB00AE120C /* Interface.storyboard */,
				9FE05FA91B6ED7EB00AE120C /* Assets.xcassets */,
				9FE05FAB1B6ED7EB00AE120C /* Info.plist */,
			);
			name = "Chubbyy WatchKit App";
			path = "Derbil WatchKit App";
			sourceTree = "<group>";
		};
		9FE05FB41B6ED7EC00AE120C /* Chubbyy WatchKit Extension */ = {
			isa = PBXGroup;
			children = (
				9FE05FB71B6ED7EC00AE120C /* InterfaceController.swift */,
				9FE05FB91B6ED7EC00AE120C /* ExtensionDelegate.swift */,
				9FE05FBB1B6ED7EC00AE120C /* NotificationController.swift */,
				9FE05FBD1B6ED7EC00AE120C /* GlanceController.swift */,
				9FE05FBF1B6ED7EC00AE120C /* ComplicationController.swift */,
				9FE05FC11B6ED7EC00AE120C /* Assets.xcassets */,
				9FE05FC31B6ED7EC00AE120C /* Info.plist */,
				9FE05FB51B6ED7EC00AE120C /* Supporting Files */,
			);
			name = "Chubbyy WatchKit Extension";
			path = "Derbil WatchKit Extension";
			sourceTree = "<group>";
		};
		9FE05FB51B6ED7EC00AE120C /* Supporting Files */ = {
			isa = PBXGroup;
			children = (
				9FE05FB61B6ED7EC00AE120C /* PushNotificationPayload.apns */,
			);
			name = "Supporting Files";
			sourceTree = "<group>";
		};
/* End PBXGroup section */

/* Begin PBXNativeTarget section */
		9FE05F781B6ED7EB00AE120C /* Chubbyy */ = {
			isa = PBXNativeTarget;
			buildConfigurationList = 9FE05FCE1B6ED7EC00AE120C /* Build configuration list for PBXNativeTarget "Chubbyy" */;
			buildPhases = (
				9FE05F751B6ED7EB00AE120C /* Sources */,
				9FE05F761B6ED7EB00AE120C /* Frameworks */,
				9FE05F771B6ED7EB00AE120C /* Resources */,
				9FE05FCD1B6ED7EC00AE120C /* Embed Watch Content */,
			);
			buildRules = (
			);
			dependencies = (
				9FE05FA41B6ED7EB00AE120C /* PBXTargetDependency */,
			);
			name = Chubbyy;
			productName = Derbil;
			productReference = 9FE05F791B6ED7EB00AE120C /* Chubbyy.app */;
			productType = "com.apple.product-type.application";
		};
		9FE05F8C1B6ED7EB00AE120C /* ChubbyyTests */ = {
			isa = PBXNativeTarget;
			buildConfigurationList = 9FE05FD11B6ED7EC00AE120C /* Build configuration list for PBXNativeTarget "ChubbyyTests" */;
			buildPhases = (
				9FE05F891B6ED7EB00AE120C /* Sources */,
				9FE05F8A1B6ED7EB00AE120C /* Frameworks */,
				9FE05F8B1B6ED7EB00AE120C /* Resources */,
			);
			buildRules = (
			);
			dependencies = (
				9FE05F8F1B6ED7EB00AE120C /* PBXTargetDependency */,
			);
			name = ChubbyyTests;
			productName = DerbilTests;
			productReference = 9FE05F8D1B6ED7EB00AE120C /* Chubbyy.xctest */;
			productType = "com.apple.product-type.bundle.unit-test";
		};
		9FE05F971B6ED7EB00AE120C /* ChubbyyUITests */ = {
			isa = PBXNativeTarget;
			buildConfigurationList = 9FE05FD41B6ED7EC00AE120C /* Build configuration list for PBXNativeTarget "ChubbyyUITests" */;
			buildPhases = (
				9FE05F941B6ED7EB00AE120C /* Sources */,
				9FE05F951B6ED7EB00AE120C /* Frameworks */,
				9FE05F961B6ED7EB00AE120C /* Resources */,
			);
			buildRules = (
			);
			dependencies = (
				9FE05F9A1B6ED7EB00AE120C /* PBXTargetDependency */,
			);
			name = ChubbyyUITests;
			productName = DerbilUITests;
			productReference = 9FE05F981B6ED7EB00AE120C /* Chubbyy.xctest */;
			productType = "com.apple.product-type.bundle.ui-testing";
		};
		9FE05FA01B6ED7EB00AE120C /* Chubbyy WatchKit App */ = {
			isa = PBXNativeTarget;
			buildConfigurationList = 9FE05FCA1B6ED7EC00AE120C /* Build configuration list for PBXNativeTarget "Chubbyy WatchKit App" */;
			buildPhases = (
				9FE05F9F1B6ED7EB00AE120C /* Resources */,
				9FE05FC91B6ED7EC00AE120C /* Embed App Extensions */,
				DDE1C7435464BDA06D37756D /* Frameworks */,
			);
			buildRules = (
			);
			dependencies = (
				9FE05FB31B6ED7EC00AE120C /* PBXTargetDependency */,
			);
			name = "Chubbyy WatchKit App";
			productName = "Derbil WatchKit App";
			productReference = 9FE05FA11B6ED7EB00AE120C /* Chubbyy.app */;
			productType = "com.apple.product-type.application.watchapp2";
		};
		9FE05FAF1B6ED7EC00AE120C /* Chubbyy WatchKit Extension */ = {
			isa = PBXNativeTarget;
			buildConfigurationList = 9FE05FC61B6ED7EC00AE120C /* Build configuration list for PBXNativeTarget "Chubbyy WatchKit Extension" */;
			buildPhases = (
				9FE05FAC1B6ED7EC00AE120C /* Sources */,
				9FE05FAD1B6ED7EC00AE120C /* Frameworks */,
				9FE05FAE1B6ED7EC00AE120C /* Resources */,
			);
			buildRules = (
			);
			dependencies = (
			);
			name = "Chubbyy WatchKit Extension";
			productName = "Derbil WatchKit Extension";
			productReference = 9FE05FB01B6ED7EC00AE120C /* Chubbyy.appex */;
			productType = "com.apple.product-type.watchkit2-extension";
		};
/* End PBXNativeTarget section */

/* Begin PBXProject section */
		9FE05F711B6ED7EB00AE120C /* Project object */ = {
			isa = PBXProject;
			attributes = {
				LastSwiftUpdateCheck = 0700;
				LastUpgradeCheck = 0700;
				ORGANIZATIONNAME = "Peaking Software LLC";
				TargetAttributes = {
					9FE05F781B6ED7EB00AE120C = {
						CreatedOnToolsVersion = 7.0;
					};
					9FE05F8C1B6ED7EB00AE120C = {
						CreatedOnToolsVersion = 7.0;
						TestTargetID = 9FE05F781B6ED7EB00AE120C;
					};
					9FE05F971B6ED7EB00AE120C = {
						CreatedOnToolsVersion = 7.0;
						TestTargetID = 9FE05F781B6ED7EB00AE120C;
					};
					9FE05FA01B6ED7EB00AE120C = {
						CreatedOnToolsVersion = 7.0;
						DevelopmentTeam = DNPVU838JE;
					};
					9FE05FAF1B6ED7EC00AE120C = {
						CreatedOnToolsVersion = 7.0;
						DevelopmentTeam = DNPVU838JE;
					};
				};
			};
			buildConfigurationList = 9FE05F741B6ED7EB00AE120C /* Build configuration list for PBXProject "Chubbyy" */;
			compatibilityVersion = "Xcode 6.3";
			developmentRegion = English;
			hasScannedForEncodings = 0;
			knownRegions = (
				en,
				Base,
			);
			mainGroup = 9FE05F701B6ED7EB00AE120C;
			productRefGroup = 9FE05F7A1B6ED7EB00AE120C /* Products */;
			projectDirPath = "";
			projectReferences = (
				{
					ProductGroup = 632689EB1B93D6F1002D2D0F /* Products */;
					ProjectRef = 632689EA1B93D6F1002D2D0F /* Timepiece.xcodeproj */;
				},
			);
			projectRoot = "";
			targets = (
				9FE05F781B6ED7EB00AE120C /* Chubbyy */,
				9FE05F8C1B6ED7EB00AE120C /* ChubbyyTests */,
				9FE05F971B6ED7EB00AE120C /* ChubbyyUITests */,
				9FE05FA01B6ED7EB00AE120C /* Chubbyy WatchKit App */,
				9FE05FAF1B6ED7EC00AE120C /* Chubbyy WatchKit Extension */,
			);
		};
/* End PBXProject section */

/* Begin PBXReferenceProxy section */
		63268A201B93D6F1002D2D0F /* Timepiece.framework */ = {
			isa = PBXReferenceProxy;
			fileType = wrapper.framework;
			path = Timepiece.framework;
			remoteRef = 63268A1F1B93D6F1002D2D0F /* PBXContainerItemProxy */;
			sourceTree = BUILT_PRODUCTS_DIR;
		};
		63268A221B93D6F1002D2D0F /* Timepiece.framework */ = {
			isa = PBXReferenceProxy;
			fileType = wrapper.framework;
			path = Timepiece.framework;
			remoteRef = 63268A211B93D6F1002D2D0F /* PBXContainerItemProxy */;
			sourceTree = BUILT_PRODUCTS_DIR;
		};
		63268A241B93D6F1002D2D0F /* Timepiece iOS Tests.xctest */ = {
			isa = PBXReferenceProxy;
			fileType = wrapper.cfbundle;
			path = "Timepiece iOS Tests.xctest";
			remoteRef = 63268A231B93D6F1002D2D0F /* PBXContainerItemProxy */;
			sourceTree = BUILT_PRODUCTS_DIR;
		};
		63268A261B93D6F1002D2D0F /* Timepiece OSX Tests.xctest */ = {
			isa = PBXReferenceProxy;
			fileType = wrapper.cfbundle;
			path = "Timepiece OSX Tests.xctest";
			remoteRef = 63268A251B93D6F1002D2D0F /* PBXContainerItemProxy */;
			sourceTree = BUILT_PRODUCTS_DIR;
		};
		63268A3C1B93DA87002D2D0F /* Timepiece.framework */ = {
			isa = PBXReferenceProxy;
			fileType = wrapper.framework;
			path = Timepiece.framework;
			remoteRef = 63268A3B1B93DA87002D2D0F /* PBXContainerItemProxy */;
			sourceTree = BUILT_PRODUCTS_DIR;
		};
/* End PBXReferenceProxy section */

/* Begin PBXResourcesBuildPhase section */
		9FE05F771B6ED7EB00AE120C /* Resources */ = {
			isa = PBXResourcesBuildPhase;
			buildActionMask = 2147483647;
			files = (
				632689F41B93D6F1002D2D0F /* LICENSE in Resources */,
				632689F11B93D6F1002D2D0F /* .travis.yml in Resources */,
				63268A181B93D6F1002D2D0F /* Timepiece.xcworkspace in Resources */,
				63268A151B93D6F1002D2D0F /* Timepiece.podspec in Resources */,
				632689EE1B93D6F1002D2D0F /* .gitignore in Resources */,
				9FE05F871B6ED7EB00AE120C /* LaunchScreen.storyboard in Resources */,
				9FE05F841B6ED7EB00AE120C /* Assets.xcassets in Resources */,
				9FE05F821B6ED7EB00AE120C /* Main.storyboard in Resources */,
			);
			runOnlyForDeploymentPostprocessing = 0;
		};
		9FE05F8B1B6ED7EB00AE120C /* Resources */ = {
			isa = PBXResourcesBuildPhase;
			buildActionMask = 2147483647;
			files = (
			);
			runOnlyForDeploymentPostprocessing = 0;
		};
		9FE05F961B6ED7EB00AE120C /* Resources */ = {
			isa = PBXResourcesBuildPhase;
			buildActionMask = 2147483647;
			files = (
			);
			runOnlyForDeploymentPostprocessing = 0;
		};
		9FE05F9F1B6ED7EB00AE120C /* Resources */ = {
			isa = PBXResourcesBuildPhase;
			buildActionMask = 2147483647;
			files = (
				9FE05FAA1B6ED7EB00AE120C /* Assets.xcassets in Resources */,
				632689EF1B93D6F1002D2D0F /* .gitignore in Resources */,
				63268A161B93D6F1002D2D0F /* Timepiece.podspec in Resources */,
				632689F21B93D6F1002D2D0F /* .travis.yml in Resources */,
				9FE05FA81B6ED7EB00AE120C /* Interface.storyboard in Resources */,
				632689F51B93D6F1002D2D0F /* LICENSE in Resources */,
				AA6AD2931B957CA500CB4549 /* Assets.xcassets in Resources */,
				63268A191B93D6F1002D2D0F /* Timepiece.xcworkspace in Resources */,
			);
			runOnlyForDeploymentPostprocessing = 0;
		};
		9FE05FAE1B6ED7EC00AE120C /* Resources */ = {
			isa = PBXResourcesBuildPhase;
			buildActionMask = 2147483647;
			files = (
				632689F31B93D6F1002D2D0F /* .travis.yml in Resources */,
				632689F01B93D6F1002D2D0F /* .gitignore in Resources */,
				63268A171B93D6F1002D2D0F /* Timepiece.podspec in Resources */,
				632689F61B93D6F1002D2D0F /* LICENSE in Resources */,
				AA6AD28D1B957BAC00CB4549 /* Interface.storyboard in Resources */,
				63268A1A1B93D6F1002D2D0F /* Timepiece.xcworkspace in Resources */,
				AA6AD2941B957CA600CB4549 /* Assets.xcassets in Resources */,
				9FE05FC21B6ED7EC00AE120C /* Assets.xcassets in Resources */,
			);
			runOnlyForDeploymentPostprocessing = 0;
		};
/* End PBXResourcesBuildPhase section */

/* Begin PBXSourcesBuildPhase section */
		9FE05F751B6ED7EB00AE120C /* Sources */ = {
			isa = PBXSourcesBuildPhase;
			buildActionMask = 2147483647;
			files = (
				63268A031B93D6F1002D2D0F /* NSDateComponents+Timepiece.swift in Sources */,
				AA6AD2971B95950E00CB4549 /* FlyingHeartBehavior.swift in Sources */,
				63268A011B93D6F1002D2D0F /* NSDate+Timepiece.swift in Sources */,
				632689FB1B93D6F1002D2D0F /* Int+Timepiece.swift in Sources */,
				632689FF1B93D6F1002D2D0F /* NSCalendarUnit+Timepiece.swift in Sources */,
				63268A071B93D6F1002D2D0F /* String+Timepiece.swift in Sources */,
				63268A051B93D6F1002D2D0F /* NSTimeInterval+Timepiece.swift in Sources */,
				632689FD1B93D6F1002D2D0F /* NSCalendar+Timepiece.swift in Sources */,
				9FE05F7F1B6ED7EB00AE120C /* ViewController.swift in Sources */,
				9FE05F7D1B6ED7EB00AE120C /* AppDelegate.swift in Sources */,
				9FE05FD81B6EDD4000AE120C /* WalkViewController.swift in Sources */,
				63F260AD1B84D9CE00F109B9 /* SleepViewController.swift in Sources */,
				9FF832981B76DEC100958D2A /* Utilities.swift in Sources */,
				9FDD655A1B76A5FB00CD8703 /* FaceView.swift in Sources */,
				632689F91B93D6F1002D2D0F /* Duration.swift in Sources */,
				63F260AB1B84D97700F109B9 /* EatViewController.swift in Sources */,
			);
			runOnlyForDeploymentPostprocessing = 0;
		};
		9FE05F891B6ED7EB00AE120C /* Sources */ = {
			isa = PBXSourcesBuildPhase;
			buildActionMask = 2147483647;
			files = (
				9FE05F921B6ED7EB00AE120C /* DerbilTests.swift in Sources */,
			);
			runOnlyForDeploymentPostprocessing = 0;
		};
		9FE05F941B6ED7EB00AE120C /* Sources */ = {
			isa = PBXSourcesBuildPhase;
			buildActionMask = 2147483647;
			files = (
				9FE05F9D1B6ED7EB00AE120C /* DerbilUITests.swift in Sources */,
			);
			runOnlyForDeploymentPostprocessing = 0;
		};
		9FE05FAC1B6ED7EC00AE120C /* Sources */ = {
			isa = PBXSourcesBuildPhase;
			buildActionMask = 2147483647;
			files = (
				63268A081B93D6F1002D2D0F /* String+Timepiece.swift in Sources */,
				63268A061B93D6F1002D2D0F /* NSTimeInterval+Timepiece.swift in Sources */,
				632689FC1B93D6F1002D2D0F /* Int+Timepiece.swift in Sources */,
				63268A021B93D6F1002D2D0F /* NSDate+Timepiece.swift in Sources */,
				63268A001B93D6F1002D2D0F /* NSCalendarUnit+Timepiece.swift in Sources */,
				63268A041B93D6F1002D2D0F /* NSDateComponents+Timepiece.swift in Sources */,
				632689FE1B93D6F1002D2D0F /* NSCalendar+Timepiece.swift in Sources */,
				9FE05FBC1B6ED7EC00AE120C /* NotificationController.swift in Sources */,
				9FE05FBA1B6ED7EC00AE120C /* ExtensionDelegate.swift in Sources */,
				9FE05FC01B6ED7EC00AE120C /* ComplicationController.swift in Sources */,
				632689FA1B93D6F1002D2D0F /* Duration.swift in Sources */,
				9FE05FB81B6ED7EC00AE120C /* InterfaceController.swift in Sources */,
				9FE05FBE1B6ED7EC00AE120C /* GlanceController.swift in Sources */,
			);
			runOnlyForDeploymentPostprocessing = 0;
		};
/* End PBXSourcesBuildPhase section */

/* Begin PBXTargetDependency section */
		9FE05F8F1B6ED7EB00AE120C /* PBXTargetDependency */ = {
			isa = PBXTargetDependency;
			target = 9FE05F781B6ED7EB00AE120C /* Chubbyy */;
			targetProxy = 9FE05F8E1B6ED7EB00AE120C /* PBXContainerItemProxy */;
		};
		9FE05F9A1B6ED7EB00AE120C /* PBXTargetDependency */ = {
			isa = PBXTargetDependency;
			target = 9FE05F781B6ED7EB00AE120C /* Chubbyy */;
			targetProxy = 9FE05F991B6ED7EB00AE120C /* PBXContainerItemProxy */;
		};
		9FE05FA41B6ED7EB00AE120C /* PBXTargetDependency */ = {
			isa = PBXTargetDependency;
			target = 9FE05FA01B6ED7EB00AE120C /* Chubbyy WatchKit App */;
			targetProxy = 9FE05FA31B6ED7EB00AE120C /* PBXContainerItemProxy */;
		};
		9FE05FB31B6ED7EC00AE120C /* PBXTargetDependency */ = {
			isa = PBXTargetDependency;
			target = 9FE05FAF1B6ED7EC00AE120C /* Chubbyy WatchKit Extension */;
			targetProxy = 9FE05FB21B6ED7EC00AE120C /* PBXContainerItemProxy */;
		};
/* End PBXTargetDependency section */

/* Begin PBXVariantGroup section */
		9FE05F801B6ED7EB00AE120C /* Main.storyboard */ = {
			isa = PBXVariantGroup;
			children = (
				9FE05F811B6ED7EB00AE120C /* Base */,
			);
			name = Main.storyboard;
			sourceTree = "<group>";
		};
		9FE05F851B6ED7EB00AE120C /* LaunchScreen.storyboard */ = {
			isa = PBXVariantGroup;
			children = (
				9FE05F861B6ED7EB00AE120C /* Base */,
			);
			name = LaunchScreen.storyboard;
			sourceTree = "<group>";
		};
		9FE05FA61B6ED7EB00AE120C /* Interface.storyboard */ = {
			isa = PBXVariantGroup;
			children = (
				9FE05FA71B6ED7EB00AE120C /* Base */,
			);
			name = Interface.storyboard;
			sourceTree = "<group>";
		};
/* End PBXVariantGroup section */

/* Begin XCBuildConfiguration section */
		9FE05FC41B6ED7EC00AE120C /* Debug */ = {
			isa = XCBuildConfiguration;
			buildSettings = {
				ALWAYS_SEARCH_USER_PATHS = NO;
				CLANG_CXX_LANGUAGE_STANDARD = "gnu++0x";
				CLANG_CXX_LIBRARY = "libc++";
				CLANG_ENABLE_MODULES = YES;
				CLANG_ENABLE_OBJC_ARC = YES;
				CLANG_WARN_BOOL_CONVERSION = YES;
				CLANG_WARN_CONSTANT_CONVERSION = YES;
				CLANG_WARN_DIRECT_OBJC_ISA_USAGE = YES_ERROR;
				CLANG_WARN_EMPTY_BODY = YES;
				CLANG_WARN_ENUM_CONVERSION = YES;
				CLANG_WARN_INT_CONVERSION = YES;
				CLANG_WARN_OBJC_ROOT_CLASS = YES_ERROR;
				CLANG_WARN_UNREACHABLE_CODE = YES;
				CLANG_WARN__DUPLICATE_METHOD_MATCH = YES;
				CODE_SIGN_IDENTITY = "iPhone Developer: David Mazza (J3XDF4GPW5)";
				"CODE_SIGN_IDENTITY[sdk=iphoneos*]" = "iPhone Developer: David Mazza (J3XDF4GPW5)";
				COPY_PHASE_STRIP = NO;
				DEBUG_INFORMATION_FORMAT = dwarf;
				ENABLE_STRICT_OBJC_MSGSEND = YES;
				ENABLE_TESTABILITY = YES;
				FRAMEWORK_SEARCH_PATHS = "$(SRCROOT)/Frameworks";
				GCC_C_LANGUAGE_STANDARD = gnu99;
				GCC_DYNAMIC_NO_PIC = NO;
				GCC_NO_COMMON_BLOCKS = YES;
				GCC_OPTIMIZATION_LEVEL = 0;
				GCC_PREPROCESSOR_DEFINITIONS = (
					"DEBUG=1",
					"$(inherited)",
				);
				GCC_WARN_64_TO_32_BIT_CONVERSION = YES;
				GCC_WARN_ABOUT_RETURN_TYPE = YES_ERROR;
				GCC_WARN_UNDECLARED_SELECTOR = YES;
				GCC_WARN_UNINITIALIZED_AUTOS = YES_AGGRESSIVE;
				GCC_WARN_UNUSED_FUNCTION = YES;
				GCC_WARN_UNUSED_VARIABLE = YES;
				IPHONEOS_DEPLOYMENT_TARGET = 9.0;
				MTL_ENABLE_DEBUG_INFO = YES;
				ONLY_ACTIVE_ARCH = YES;
				PROVISIONING_PROFILE = "c7ce80b4-4365-42e9-9378-e2dc87c780e8";
				SDKROOT = iphoneos;
				SWIFT_OPTIMIZATION_LEVEL = "-Onone";
				TARGETED_DEVICE_FAMILY = "1,2";
			};
			name = Debug;
		};
		9FE05FC51B6ED7EC00AE120C /* Release */ = {
			isa = XCBuildConfiguration;
			buildSettings = {
				ALWAYS_SEARCH_USER_PATHS = NO;
				CLANG_CXX_LANGUAGE_STANDARD = "gnu++0x";
				CLANG_CXX_LIBRARY = "libc++";
				CLANG_ENABLE_MODULES = YES;
				CLANG_ENABLE_OBJC_ARC = YES;
				CLANG_WARN_BOOL_CONVERSION = YES;
				CLANG_WARN_CONSTANT_CONVERSION = YES;
				CLANG_WARN_DIRECT_OBJC_ISA_USAGE = YES_ERROR;
				CLANG_WARN_EMPTY_BODY = YES;
				CLANG_WARN_ENUM_CONVERSION = YES;
				CLANG_WARN_INT_CONVERSION = YES;
				CLANG_WARN_OBJC_ROOT_CLASS = YES_ERROR;
				CLANG_WARN_UNREACHABLE_CODE = YES;
				CLANG_WARN__DUPLICATE_METHOD_MATCH = YES;
				CODE_SIGN_IDENTITY = "";
				"CODE_SIGN_IDENTITY[sdk=iphoneos*]" = "";
				COPY_PHASE_STRIP = NO;
				DEBUG_INFORMATION_FORMAT = "dwarf-with-dsym";
				ENABLE_NS_ASSERTIONS = NO;
				ENABLE_STRICT_OBJC_MSGSEND = YES;
				FRAMEWORK_SEARCH_PATHS = "$(SRCROOT)/Frameworks";
				GCC_C_LANGUAGE_STANDARD = gnu99;
				GCC_NO_COMMON_BLOCKS = YES;
				GCC_WARN_64_TO_32_BIT_CONVERSION = YES;
				GCC_WARN_ABOUT_RETURN_TYPE = YES_ERROR;
				GCC_WARN_UNDECLARED_SELECTOR = YES;
				GCC_WARN_UNINITIALIZED_AUTOS = YES_AGGRESSIVE;
				GCC_WARN_UNUSED_FUNCTION = YES;
				GCC_WARN_UNUSED_VARIABLE = YES;
				IPHONEOS_DEPLOYMENT_TARGET = 9.0;
				MTL_ENABLE_DEBUG_INFO = NO;
				PROVISIONING_PROFILE = "c7ce80b4-4365-42e9-9378-e2dc87c780e8";
				SDKROOT = iphoneos;
				TARGETED_DEVICE_FAMILY = "1,2";
				VALIDATE_PRODUCT = YES;
			};
			name = Release;
		};
		9FE05FC71B6ED7EC00AE120C /* Debug */ = {
			isa = XCBuildConfiguration;
			buildSettings = {
				ASSETCATALOG_COMPILER_COMPLICATION_NAME = Complication;
				CODE_SIGN_IDENTITY = "iPhone Developer";
				"CODE_SIGN_IDENTITY[sdk=watchos*]" = "iPhone Developer";
				INFOPLIST_FILE = "Derbil WatchKit Extension/Info.plist";
				LD_RUNPATH_SEARCH_PATHS = "$(inherited) @executable_path/Frameworks @executable_path/../../Frameworks";
				PRODUCT_BUNDLE_IDENTIFIER = co.peaking.Chubbyy.watchkitapp.watchkitextension;
				PRODUCT_NAME = Chubbyy;
				PROVISIONING_PROFILE = "";
				SDKROOT = watchos;
				SKIP_INSTALL = YES;
				TARGETED_DEVICE_FAMILY = 4;
				WATCHOS_DEPLOYMENT_TARGET = 2.0;
			};
			name = Debug;
		};
		9FE05FC81B6ED7EC00AE120C /* Release */ = {
			isa = XCBuildConfiguration;
			buildSettings = {
				ASSETCATALOG_COMPILER_COMPLICATION_NAME = Complication;
				CODE_SIGN_IDENTITY = "iPhone Developer";
				"CODE_SIGN_IDENTITY[sdk=watchos*]" = "iPhone Developer";
				INFOPLIST_FILE = "Derbil WatchKit Extension/Info.plist";
				LD_RUNPATH_SEARCH_PATHS = "$(inherited) @executable_path/Frameworks @executable_path/../../Frameworks";
				PRODUCT_BUNDLE_IDENTIFIER = co.peaking.Chubbyy.watchkitapp.watchkitextension;
				PRODUCT_NAME = Chubbyy;
				PROVISIONING_PROFILE = "";
				SDKROOT = watchos;
				SKIP_INSTALL = YES;
				TARGETED_DEVICE_FAMILY = 4;
				WATCHOS_DEPLOYMENT_TARGET = 2.0;
			};
			name = Release;
		};
		9FE05FCB1B6ED7EC00AE120C /* Debug */ = {
			isa = XCBuildConfiguration;
			buildSettings = {
				ASSETCATALOG_COMPILER_APPICON_NAME = AppIcon;
				CODE_SIGN_IDENTITY = "iPhone Developer";
				"CODE_SIGN_IDENTITY[sdk=watchos*]" = "iPhone Developer";
				EMBEDDED_CONTENT_CONTAINS_SWIFT = YES;
				IBSC_MODULE = Derbil_WatchKit_Extension;
				INFOPLIST_FILE = "Derbil WatchKit App/Info.plist";
				PRODUCT_BUNDLE_IDENTIFIER = co.peaking.Chubbyy.watchkitapp;
				PRODUCT_NAME = Chubbyy;
				PROVISIONING_PROFILE = "";
				SDKROOT = watchos;
				SKIP_INSTALL = YES;
				TARGETED_DEVICE_FAMILY = 4;
				WATCHOS_DEPLOYMENT_TARGET = 2.0;
			};
			name = Debug;
		};
		9FE05FCC1B6ED7EC00AE120C /* Release */ = {
			isa = XCBuildConfiguration;
			buildSettings = {
				ASSETCATALOG_COMPILER_APPICON_NAME = AppIcon;
				CODE_SIGN_IDENTITY = "iPhone Developer";
				"CODE_SIGN_IDENTITY[sdk=watchos*]" = "iPhone Developer";
				EMBEDDED_CONTENT_CONTAINS_SWIFT = YES;
				IBSC_MODULE = Derbil_WatchKit_Extension;
				INFOPLIST_FILE = "Derbil WatchKit App/Info.plist";
				PRODUCT_BUNDLE_IDENTIFIER = co.peaking.Chubbyy.watchkitapp;
				PRODUCT_NAME = Chubbyy;
				PROVISIONING_PROFILE = "";
				SDKROOT = watchos;
				SKIP_INSTALL = YES;
				TARGETED_DEVICE_FAMILY = 4;
				WATCHOS_DEPLOYMENT_TARGET = 2.0;
			};
			name = Release;
		};
		9FE05FCF1B6ED7EC00AE120C /* Debug */ = {
			isa = XCBuildConfiguration;
			buildSettings = {
				ASSETCATALOG_COMPILER_APPICON_NAME = AppIcon;
				FRAMEWORK_SEARCH_PATHS = "$(SRCROOT)/Frameworks";
				INFOPLIST_FILE = Derbil/Info.plist;
				IPHONEOS_DEPLOYMENT_TARGET = 9.0;
				LD_RUNPATH_SEARCH_PATHS = "$(inherited) @executable_path/Frameworks";
				PRODUCT_BUNDLE_IDENTIFIER = co.peaking.Chubbyy;
				PRODUCT_NAME = Chubbyy;
			};
			name = Debug;
		};
		9FE05FD01B6ED7EC00AE120C /* Release */ = {
			isa = XCBuildConfiguration;
			buildSettings = {
				ASSETCATALOG_COMPILER_APPICON_NAME = AppIcon;
				FRAMEWORK_SEARCH_PATHS = "$(SRCROOT)/Frameworks";
				INFOPLIST_FILE = Derbil/Info.plist;
				IPHONEOS_DEPLOYMENT_TARGET = 9.0;
				LD_RUNPATH_SEARCH_PATHS = "$(inherited) @executable_path/Frameworks";
				PRODUCT_BUNDLE_IDENTIFIER = co.peaking.Chubbyy;
				PRODUCT_NAME = Chubbyy;
			};
			name = Release;
		};
		9FE05FD21B6ED7EC00AE120C /* Debug */ = {
			isa = XCBuildConfiguration;
			buildSettings = {
				BUNDLE_LOADER = "$(TEST_HOST)";
				INFOPLIST_FILE = DerbilTests/Info.plist;
				LD_RUNPATH_SEARCH_PATHS = "$(inherited) @executable_path/Frameworks @loader_path/Frameworks";
				PRODUCT_BUNDLE_IDENTIFIER = co.peaking.ChubbyyTests;
				PRODUCT_NAME = Chubbyy;
				TEST_HOST = "$(BUILT_PRODUCTS_DIR)/Chubbyy.app/Chubbyy";
			};
			name = Debug;
		};
		9FE05FD31B6ED7EC00AE120C /* Release */ = {
			isa = XCBuildConfiguration;
			buildSettings = {
				BUNDLE_LOADER = "$(TEST_HOST)";
				INFOPLIST_FILE = DerbilTests/Info.plist;
				LD_RUNPATH_SEARCH_PATHS = "$(inherited) @executable_path/Frameworks @loader_path/Frameworks";
				PRODUCT_BUNDLE_IDENTIFIER = co.peaking.ChubbyyTests;
				PRODUCT_NAME = Chubbyy;
				TEST_HOST = "$(BUILT_PRODUCTS_DIR)/Chubbyy.app/Chubbyy";
			};
			name = Release;
		};
		9FE05FD51B6ED7EC00AE120C /* Debug */ = {
			isa = XCBuildConfiguration;
			buildSettings = {
				INFOPLIST_FILE = DerbilUITests/Info.plist;
				LD_RUNPATH_SEARCH_PATHS = "$(inherited) @executable_path/Frameworks @loader_path/Frameworks";
				PRODUCT_BUNDLE_IDENTIFIER = co.peaking.ChubbyyUITests;
				PRODUCT_NAME = Chubbyy;
				TEST_TARGET_NAME = Derbil;
				USES_XCTRUNNER = YES;
			};
			name = Debug;
		};
		9FE05FD61B6ED7EC00AE120C /* Release */ = {
			isa = XCBuildConfiguration;
			buildSettings = {
				INFOPLIST_FILE = DerbilUITests/Info.plist;
				LD_RUNPATH_SEARCH_PATHS = "$(inherited) @executable_path/Frameworks @loader_path/Frameworks";
				PRODUCT_BUNDLE_IDENTIFIER = co.peaking.ChubbyyUITests;
				PRODUCT_NAME = Chubbyy;
				TEST_TARGET_NAME = Derbil;
				USES_XCTRUNNER = YES;
			};
			name = Release;
		};
/* End XCBuildConfiguration section */

/* Begin XCConfigurationList section */
		9FE05F741B6ED7EB00AE120C /* Build configuration list for PBXProject "Chubbyy" */ = {
			isa = XCConfigurationList;
			buildConfigurations = (
				9FE05FC41B6ED7EC00AE120C /* Debug */,
				9FE05FC51B6ED7EC00AE120C /* Release */,
			);
			defaultConfigurationIsVisible = 0;
			defaultConfigurationName = Release;
		};
		9FE05FC61B6ED7EC00AE120C /* Build configuration list for PBXNativeTarget "Chubbyy WatchKit Extension" */ = {
			isa = XCConfigurationList;
			buildConfigurations = (
				9FE05FC71B6ED7EC00AE120C /* Debug */,
				9FE05FC81B6ED7EC00AE120C /* Release */,
			);
			defaultConfigurationIsVisible = 0;
			defaultConfigurationName = Release;
		};
		9FE05FCA1B6ED7EC00AE120C /* Build configuration list for PBXNativeTarget "Chubbyy WatchKit App" */ = {
			isa = XCConfigurationList;
			buildConfigurations = (
				9FE05FCB1B6ED7EC00AE120C /* Debug */,
				9FE05FCC1B6ED7EC00AE120C /* Release */,
			);
			defaultConfigurationIsVisible = 0;
			defaultConfigurationName = Release;
		};
		9FE05FCE1B6ED7EC00AE120C /* Build configuration list for PBXNativeTarget "Chubbyy" */ = {
			isa = XCConfigurationList;
			buildConfigurations = (
				9FE05FCF1B6ED7EC00AE120C /* Debug */,
				9FE05FD01B6ED7EC00AE120C /* Release */,
			);
			defaultConfigurationIsVisible = 0;
			defaultConfigurationName = Release;
		};
		9FE05FD11B6ED7EC00AE120C /* Build configuration list for PBXNativeTarget "ChubbyyTests" */ = {
			isa = XCConfigurationList;
			buildConfigurations = (
				9FE05FD21B6ED7EC00AE120C /* Debug */,
				9FE05FD31B6ED7EC00AE120C /* Release */,
			);
			defaultConfigurationIsVisible = 0;
			defaultConfigurationName = Release;
		};
		9FE05FD41B6ED7EC00AE120C /* Build configuration list for PBXNativeTarget "ChubbyyUITests" */ = {
			isa = XCConfigurationList;
			buildConfigurations = (
				9FE05FD51B6ED7EC00AE120C /* Debug */,
				9FE05FD61B6ED7EC00AE120C /* Release */,
			);
			defaultConfigurationIsVisible = 0;
			defaultConfigurationName = Release;
		};
/* End XCConfigurationList section */
	};
	rootObject = 9FE05F711B6ED7EB00AE120C /* Project object */;
}
